
Microsoft Visual Studio Solution File, Format Version 12.00
# Visual Studio Version 17
VisualStudioVersion = 17.11.35431.28
MinimumVisualStudioVersion = 10.0.40219.1
Project("{FAE04EC0-301F-11D3-BF4B-00C04F79EFBC}") = "AzureEventHubClient", "AzureEventHubClient.csproj", "{CE8BA36F-87AB-4529-9CB3-6BF6B745E728}"
EndProject
Global
	GlobalSection(SolutionConfigurationPlatforms) = preSolution
		Debug|Any CPU = Debug|Any CPU
		Release|Any CPU = Release|Any CPU
	EndGlobalSection
	GlobalSection(ProjectConfigurationPlatforms) = postSolution
		{CE8BA36F-87AB-4529-9CB3-6BF6B745E728}.Debug|Any CPU.ActiveCfg = Debug|Any CPU
		{CE8BA36F-87AB-4529-9CB3-6BF6B745E728}.Debug|Any CPU.Build.0 = Debug|Any CPU
		{CE8BA36F-87AB-4529-9CB3-6BF6B745E728}.Release|Any CPU.ActiveCfg = Release|Any CPU
		{CE8BA36F-87AB-4529-9CB3-6BF6B745E728}.Release|Any CPU.Build.0 = Release|Any CPU
	EndGlobalSection
	GlobalSection(SolutionProperties) = preSolution
		HideSolutionNode = FALSE
	EndGlobalSection
	GlobalSection(ExtensibilityGlobals) = postSolution
		SolutionGuid = {FDB7FD11-9700-40DB-BB65-F5A1C6FEC7EB}
	EndGlobalSection
EndGlobal
